
Microsoft Visual Studio Solution File, Format Version 12.00
# Visual Studio Version 16
VisualStudioVersion = 16.0.30114.105
MinimumVisualStudioVersion = 10.0.40219.1
Project("{9A19103F-16F7-4668-BE54-9A1E7A4F7556}") = "SolucaoAula18.Exercicio01.ConsoleApp", "SolucaoAula18.Exercicio01.ConsoleApp\SolucaoAula18.Exercicio01.ConsoleApp.csproj", "{374E1925-490F-4248-AB72-A42CFB7D30D1}"
EndProject
Project("{9A19103F-16F7-4668-BE54-9A1E7A4F7556}") = "SolucaoAula18.Exercicio01.Classes", "SolucaoAula18.Exercicio01.Classes\SolucaoAula18.Exercicio01.Classes.csproj", "{04D178EC-6A6B-4D2D-9012-85E6FADF5BCA}"
EndProject
Project("{2150E333-8FDC-42A3-9474-1A3956D46DE8}") = "Solution Items", "Solution Items", "{04E1BFF5-E918-4031-9B45-306858942E95}"
	ProjectSection(SolutionItems) = preProject
		ContaCorrente.txt = ContaCorrente.txt
		ContaInvestimento.txt = ContaInvestimento.txt
		ContaPoupanca.txt = ContaPoupanca.txt
	EndProjectSection
EndProject
Global
	GlobalSection(SolutionConfigurationPlatforms) = preSolution
		Debug|Any CPU = Debug|Any CPU
		Release|Any CPU = Release|Any CPU
	EndGlobalSection
	GlobalSection(ProjectConfigurationPlatforms) = postSolution
		{374E1925-490F-4248-AB72-A42CFB7D30D1}.Debug|Any CPU.ActiveCfg = Debug|Any CPU
		{374E1925-490F-4248-AB72-A42CFB7D30D1}.Debug|Any CPU.Build.0 = Debug|Any CPU
		{374E1925-490F-4248-AB72-A42CFB7D30D1}.Release|Any CPU.ActiveCfg = Release|Any CPU
		{374E1925-490F-4248-AB72-A42CFB7D30D1}.Release|Any CPU.Build.0 = Release|Any CPU
		{04D178EC-6A6B-4D2D-9012-85E6FADF5BCA}.Debug|Any CPU.ActiveCfg = Debug|Any CPU
		{04D178EC-6A6B-4D2D-9012-85E6FADF5BCA}.Debug|Any CPU.Build.0 = Debug|Any CPU
		{04D178EC-6A6B-4D2D-9012-85E6FADF5BCA}.Release|Any CPU.ActiveCfg = Release|Any CPU
		{04D178EC-6A6B-4D2D-9012-85E6FADF5BCA}.Release|Any CPU.Build.0 = Release|Any CPU
	EndGlobalSection
	GlobalSection(SolutionProperties) = preSolution
		HideSolutionNode = FALSE
	EndGlobalSection
	GlobalSection(ExtensibilityGlobals) = postSolution
		SolutionGuid = {5C55C776-E6B9-4593-8D74-F1F205FCEDB9}
	EndGlobalSection
EndGlobal
